
Microsoft Visual Studio Solution File, Format Version 12.00
# Visual Studio Version 17
VisualStudioVersion = 17.2.32519.379
MinimumVisualStudioVersion = 10.0.40219.1
Project("{9A19103F-16F7-4668-BE54-9A1E7A4F7556}") = "OpenBLive", "OpenBLive\OpenBLive.csproj", "{5F3626CF-5454-46C4-9A4F-3E1293C2E11D}"
EndProject
Project("{9A19103F-16F7-4668-BE54-9A1E7A4F7556}") = "恶魔轮盘赌弹幕版", "恶魔轮盘赌弹幕版\恶魔轮盘赌弹幕版.csproj", "{9622AD51-6C15-45AE-AAEF-33AE2227C48D}"
EndProject
Project("{9A19103F-16F7-4668-BE54-9A1E7A4F7556}") = "听声辩位", "听声辩位\听声辩位.csproj", "{693BF234-35A2-403A-9C3C-AA580B0040D8}"
EndProject
Global
	GlobalSection(SolutionConfigurationPlatforms) = preSolution
		Debug|Any CPU = Debug|Any CPU
		Release|Any CPU = Release|Any CPU
	EndGlobalSection
	GlobalSection(ProjectConfigurationPlatforms) = postSolution
		{5F3626CF-5454-46C4-9A4F-3E1293C2E11D}.Debug|Any CPU.ActiveCfg = Debug|Any CPU
		{5F3626CF-5454-46C4-9A4F-3E1293C2E11D}.Debug|Any CPU.Build.0 = Debug|Any CPU
		{5F3626CF-5454-46C4-9A4F-3E1293C2E11D}.Release|Any CPU.ActiveCfg = Release|Any CPU
		{5F3626CF-5454-46C4-9A4F-3E1293C2E11D}.Release|Any CPU.Build.0 = Release|Any CPU
		{9622AD51-6C15-45AE-AAEF-33AE2227C48D}.Debug|Any CPU.ActiveCfg = Debug|Any CPU
		{9622AD51-6C15-45AE-AAEF-33AE2227C48D}.Debug|Any CPU.Build.0 = Debug|Any CPU
		{9622AD51-6C15-45AE-AAEF-33AE2227C48D}.Release|Any CPU.ActiveCfg = Release|Any CPU
		{9622AD51-6C15-45AE-AAEF-33AE2227C48D}.Release|Any CPU.Build.0 = Release|Any CPU
		{693BF234-35A2-403A-9C3C-AA580B0040D8}.Debug|Any CPU.ActiveCfg = Debug|Any CPU
		{693BF234-35A2-403A-9C3C-AA580B0040D8}.Debug|Any CPU.Build.0 = Debug|Any CPU
		{693BF234-35A2-403A-9C3C-AA580B0040D8}.Release|Any CPU.ActiveCfg = Release|Any CPU
		{693BF234-35A2-403A-9C3C-AA580B0040D8}.Release|Any CPU.Build.0 = Release|Any CPU
	EndGlobalSection
	GlobalSection(SolutionProperties) = preSolution
		HideSolutionNode = FALSE
	EndGlobalSection
	GlobalSection(ExtensibilityGlobals) = postSolution
		SolutionGuid = {38DC15C1-71CF-43A0-A097-1BABB63D8251}
	EndGlobalSection
EndGlobal
